
Microsoft Visual Studio Solution File, Format Version 12.00
# Visual Studio Version 17
VisualStudioVersion = 17.10.35027.167
MinimumVisualStudioVersion = 10.0.40219.1
Project("{FAE04EC0-301F-11D3-BF4B-00C04F79EFBC}") = "DVLD", "DVLD.csproj", "{BB7E226E-7D73-44F2-A5BB-3D36BD06DCF1}"
EndProject
Project("{FAE04EC0-301F-11D3-BF4B-00C04F79EFBC}") = "DVLD_Business", "..\DVLD_Business\DVLD_Business.csproj", "{251120F0-D45D-45BE-A2B8-A5FD57C50472}"
EndProject
Project("{FAE04EC0-301F-11D3-BF4B-00C04F79EFBC}") = "DVLD_DataAccess", "..\DVLD_DataAccess\DVLD_DataAccess.csproj", "{A0493B07-F77E-4AB6-B584-80BABCBF1A03}"
EndProject
Global
	GlobalSection(SolutionConfigurationPlatforms) = preSolution
		Debug|Any CPU = Debug|Any CPU
		Release|Any CPU = Release|Any CPU
	EndGlobalSection
	GlobalSection(ProjectConfigurationPlatforms) = postSolution
		{BB7E226E-7D73-44F2-A5BB-3D36BD06DCF1}.Debug|Any CPU.ActiveCfg = Debug|Any CPU
		{BB7E226E-7D73-44F2-A5BB-3D36BD06DCF1}.Debug|Any CPU.Build.0 = Debug|Any CPU
		{BB7E226E-7D73-44F2-A5BB-3D36BD06DCF1}.Release|Any CPU.ActiveCfg = Release|Any CPU
		{BB7E226E-7D73-44F2-A5BB-3D36BD06DCF1}.Release|Any CPU.Build.0 = Release|Any CPU
		{251120F0-D45D-45BE-A2B8-A5FD57C50472}.Debug|Any CPU.ActiveCfg = Debug|Any CPU
		{251120F0-D45D-45BE-A2B8-A5FD57C50472}.Debug|Any CPU.Build.0 = Debug|Any CPU
		{251120F0-D45D-45BE-A2B8-A5FD57C50472}.Release|Any CPU.ActiveCfg = Release|Any CPU
		{251120F0-D45D-45BE-A2B8-A5FD57C50472}.Release|Any CPU.Build.0 = Release|Any CPU
		{A0493B07-F77E-4AB6-B584-80BABCBF1A03}.Debug|Any CPU.ActiveCfg = Debug|Any CPU
		{A0493B07-F77E-4AB6-B584-80BABCBF1A03}.Debug|Any CPU.Build.0 = Debug|Any CPU
		{A0493B07-F77E-4AB6-B584-80BABCBF1A03}.Release|Any CPU.ActiveCfg = Release|Any CPU
		{A0493B07-F77E-4AB6-B584-80BABCBF1A03}.Release|Any CPU.Build.0 = Release|Any CPU
	EndGlobalSection
	GlobalSection(SolutionProperties) = preSolution
		HideSolutionNode = FALSE
	EndGlobalSection
	GlobalSection(ExtensibilityGlobals) = postSolution
		SolutionGuid = {7E3FDC4C-365B-4355-B120-B9B5F577DD3B}
	EndGlobalSection
EndGlobal
